// !$*UTF8*$!
{
	archiveVersion = 1;
	classes = {
	};
	objectVersion = 56;
	objects = {

/* Begin PBXBuildFile section */
		35CD636A2A7741E000232CF8 /* Common.framework in Frameworks */ = {isa = PBXBuildFile; fileRef = 35CD63612A7741DF00232CF8 /* Common.framework */; };
		35CD636F2A7741E000232CF8 /* CommonTests.swift in Sources */ = {isa = PBXBuildFile; fileRef = 35CD636E2A7741E000232CF8 /* CommonTests.swift */; };
		35CD63702A7741E000232CF8 /* Common.h in Headers */ = {isa = PBXBuildFile; fileRef = 35CD63642A7741DF00232CF8 /* Common.h */; settings = {ATTRIBUTES = (Public, ); }; };
		35CD63852A77421000232CF8 /* Constants.swift in Sources */ = {isa = PBXBuildFile; fileRef = 35CD637A2A77421000232CF8 /* Constants.swift */; };
		35CD63862A77421000232CF8 /* Constants.swift in Sources */ = {isa = PBXBuildFile; fileRef = 35CD637A2A77421000232CF8 /* Constants.swift */; };
		35CD63872A77421000232CF8 /* ImageManager.swift in Sources */ = {isa = PBXBuildFile; fileRef = 35CD637C2A77421000232CF8 /* ImageManager.swift */; };
		35CD63882A77421000232CF8 /* ImageManager.swift in Sources */ = {isa = PBXBuildFile; fileRef = 35CD637C2A77421000232CF8 /* ImageManager.swift */; };
		35CD63892A77421000232CF8 /* ColorManager.swift in Sources */ = {isa = PBXBuildFile; fileRef = 35CD637D2A77421000232CF8 /* ColorManager.swift */; };
		35CD638A2A77421000232CF8 /* ColorManager.swift in Sources */ = {isa = PBXBuildFile; fileRef = 35CD637D2A77421000232CF8 /* ColorManager.swift */; };
		35CD638B2A77421000232CF8 /* UIButton+Extensions.swift in Sources */ = {isa = PBXBuildFile; fileRef = 35CD637F2A77421000232CF8 /* UIButton+Extensions.swift */; };
		35CD638C2A77421000232CF8 /* UIButton+Extensions.swift in Sources */ = {isa = PBXBuildFile; fileRef = 35CD637F2A77421000232CF8 /* UIButton+Extensions.swift */; };
		35CD638D2A77421000232CF8 /* UIView+Extensions.swift in Sources */ = {isa = PBXBuildFile; fileRef = 35CD63802A77421000232CF8 /* UIView+Extensions.swift */; };
		35CD638E2A77421000232CF8 /* UIView+Extensions.swift in Sources */ = {isa = PBXBuildFile; fileRef = 35CD63802A77421000232CF8 /* UIView+Extensions.swift */; };
		35CD638F2A77421000232CF8 /* UIFont+Extensions.swift in Sources */ = {isa = PBXBuildFile; fileRef = 35CD63812A77421000232CF8 /* UIFont+Extensions.swift */; };
		35CD63902A77421000232CF8 /* UIFont+Extensions.swift in Sources */ = {isa = PBXBuildFile; fileRef = 35CD63812A77421000232CF8 /* UIFont+Extensions.swift */; };
		35CD63912A77421000232CF8 /* Protocols.swift in Sources */ = {isa = PBXBuildFile; fileRef = 35CD63822A77421000232CF8 /* Protocols.swift */; };
		35CD63922A77421000232CF8 /* Protocols.swift in Sources */ = {isa = PBXBuildFile; fileRef = 35CD63822A77421000232CF8 /* Protocols.swift */; };
		35CD63932A77421000232CF8 /* Fonts.swift in Sources */ = {isa = PBXBuildFile; fileRef = 35CD63842A77421000232CF8 /* Fonts.swift */; };
		35CD63942A77421000232CF8 /* Fonts.swift in Sources */ = {isa = PBXBuildFile; fileRef = 35CD63842A77421000232CF8 /* Fonts.swift */; };
		35D4D2B92A77500100D66299 /* ValidationUtil.swift in Sources */ = {isa = PBXBuildFile; fileRef = 35D4D2B82A77500100D66299 /* ValidationUtil.swift */; };
		35D4D2BA2A77500100D66299 /* ValidationUtil.swift in Sources */ = {isa = PBXBuildFile; fileRef = 35D4D2B82A77500100D66299 /* ValidationUtil.swift */; };
		35D4D2BC2A7752B900D66299 /* String+Extensions.swift in Sources */ = {isa = PBXBuildFile; fileRef = 35D4D2BB2A7752B800D66299 /* String+Extensions.swift */; };
		35D4D2BD2A7752B900D66299 /* String+Extensions.swift in Sources */ = {isa = PBXBuildFile; fileRef = 35D4D2BB2A7752B800D66299 /* String+Extensions.swift */; };
		35D4D2C22A77540E00D66299 /* UITextField+Extensions.swift in Sources */ = {isa = PBXBuildFile; fileRef = 35D4D2C12A77540E00D66299 /* UITextField+Extensions.swift */; };
		35D4D2C32A77540E00D66299 /* UITextField+Extensions.swift in Sources */ = {isa = PBXBuildFile; fileRef = 35D4D2C12A77540E00D66299 /* UITextField+Extensions.swift */; };
		B44DED5C3FC915F4D4201B82 /* Pods_Common.framework in Frameworks */ = {isa = PBXBuildFile; fileRef = C38089F3DB92810A58DD3360 /* Pods_Common.framework */; };
/* End PBXBuildFile section */

/* Begin PBXContainerItemProxy section */
		35CD636B2A7741E000232CF8 /* PBXContainerItemProxy */ = {
			isa = PBXContainerItemProxy;
			containerPortal = 35CD63582A7741DF00232CF8 /* Project object */;
			proxyType = 1;
			remoteGlobalIDString = 35CD63602A7741DF00232CF8;
			remoteInfo = Common;
		};
/* End PBXContainerItemProxy section */

/* Begin PBXFileReference section */
		35CD63612A7741DF00232CF8 /* Common.framework */ = {isa = PBXFileReference; explicitFileType = wrapper.framework; includeInIndex = 0; path = Common.framework; sourceTree = BUILT_PRODUCTS_DIR; };
		35CD63642A7741DF00232CF8 /* Common.h */ = {isa = PBXFileReference; lastKnownFileType = sourcecode.c.h; path = Common.h; sourceTree = "<group>"; };
		35CD63692A7741E000232CF8 /* CommonTests.xctest */ = {isa = PBXFileReference; explicitFileType = wrapper.cfbundle; includeInIndex = 0; path = CommonTests.xctest; sourceTree = BUILT_PRODUCTS_DIR; };
		35CD636E2A7741E000232CF8 /* CommonTests.swift */ = {isa = PBXFileReference; lastKnownFileType = sourcecode.swift; path = CommonTests.swift; sourceTree = "<group>"; };
		35CD637A2A77421000232CF8 /* Constants.swift */ = {isa = PBXFileReference; fileEncoding = 4; lastKnownFileType = sourcecode.swift; path = Constants.swift; sourceTree = "<group>"; };
		35CD637C2A77421000232CF8 /* ImageManager.swift */ = {isa = PBXFileReference; fileEncoding = 4; lastKnownFileType = sourcecode.swift; path = ImageManager.swift; sourceTree = "<group>"; };
		35CD637D2A77421000232CF8 /* ColorManager.swift */ = {isa = PBXFileReference; fileEncoding = 4; lastKnownFileType = sourcecode.swift; path = ColorManager.swift; sourceTree = "<group>"; };
		35CD637F2A77421000232CF8 /* UIButton+Extensions.swift */ = {isa = PBXFileReference; fileEncoding = 4; lastKnownFileType = sourcecode.swift; path = "UIButton+Extensions.swift"; sourceTree = "<group>"; };
		35CD63802A77421000232CF8 /* UIView+Extensions.swift */ = {isa = PBXFileReference; fileEncoding = 4; lastKnownFileType = sourcecode.swift; path = "UIView+Extensions.swift"; sourceTree = "<group>"; };
		35CD63812A77421000232CF8 /* UIFont+Extensions.swift */ = {isa = PBXFileReference; fileEncoding = 4; lastKnownFileType = sourcecode.swift; path = "UIFont+Extensions.swift"; sourceTree = "<group>"; };
		35CD63822A77421000232CF8 /* Protocols.swift */ = {isa = PBXFileReference; fileEncoding = 4; lastKnownFileType = sourcecode.swift; path = Protocols.swift; sourceTree = "<group>"; };
		35CD63842A77421000232CF8 /* Fonts.swift */ = {isa = PBXFileReference; fileEncoding = 4; lastKnownFileType = sourcecode.swift; path = Fonts.swift; sourceTree = "<group>"; };
		35D4D2B82A77500100D66299 /* ValidationUtil.swift */ = {isa = PBXFileReference; lastKnownFileType = sourcecode.swift; path = ValidationUtil.swift; sourceTree = "<group>"; };
		35D4D2BB2A7752B800D66299 /* String+Extensions.swift */ = {isa = PBXFileReference; lastKnownFileType = sourcecode.swift; path = "String+Extensions.swift"; sourceTree = "<group>"; };
		35D4D2C12A77540E00D66299 /* UITextField+Extensions.swift */ = {isa = PBXFileReference; lastKnownFileType = sourcecode.swift; path = "UITextField+Extensions.swift"; sourceTree = "<group>"; };
		765186D67D48CFB98CE200BB /* Pods-Common.debug.xcconfig */ = {isa = PBXFileReference; includeInIndex = 1; lastKnownFileType = text.xcconfig; name = "Pods-Common.debug.xcconfig"; path = "Target Support Files/Pods-Common/Pods-Common.debug.xcconfig"; sourceTree = "<group>"; };
		78741F9528AB7F8E953C8BF8 /* Pods-Common.release.xcconfig */ = {isa = PBXFileReference; includeInIndex = 1; lastKnownFileType = text.xcconfig; name = "Pods-Common.release.xcconfig"; path = "Target Support Files/Pods-Common/Pods-Common.release.xcconfig"; sourceTree = "<group>"; };
		C38089F3DB92810A58DD3360 /* Pods_Common.framework */ = {isa = PBXFileReference; explicitFileType = wrapper.framework; includeInIndex = 0; path = Pods_Common.framework; sourceTree = BUILT_PRODUCTS_DIR; };
/* End PBXFileReference section */

/* Begin PBXFrameworksBuildPhase section */
		35CD635E2A7741DF00232CF8 /* Frameworks */ = {
			isa = PBXFrameworksBuildPhase;
			buildActionMask = 2147483647;
			files = (
				B44DED5C3FC915F4D4201B82 /* Pods_Common.framework in Frameworks */,
			);
			runOnlyForDeploymentPostprocessing = 0;
		};
		35CD63662A7741E000232CF8 /* Frameworks */ = {
			isa = PBXFrameworksBuildPhase;
			buildActionMask = 2147483647;
			files = (
				35CD636A2A7741E000232CF8 /* Common.framework in Frameworks */,
			);
			runOnlyForDeploymentPostprocessing = 0;
		};
/* End PBXFrameworksBuildPhase section */

/* Begin PBXGroup section */
		35CD63572A7741DF00232CF8 = {
			isa = PBXGroup;
			children = (
				35CD63632A7741DF00232CF8 /* Common */,
				35CD636D2A7741E000232CF8 /* CommonTests */,
				35CD63622A7741DF00232CF8 /* Products */,
				D1CE7B6AFDF5F044B80F48BE /* Pods */,
				EA6224551CE6858665D7A650 /* Frameworks */,
			);
			sourceTree = "<group>";
		};
		35CD63622A7741DF00232CF8 /* Products */ = {
			isa = PBXGroup;
			children = (
				35CD63612A7741DF00232CF8 /* Common.framework */,
				35CD63692A7741E000232CF8 /* CommonTests.xctest */,
			);
			name = Products;
			sourceTree = "<group>";
		};
		35CD63632A7741DF00232CF8 /* Common */ = {
			isa = PBXGroup;
			children = (
				35CD63792A77421000232CF8 /* Utils */,
				35CD63642A7741DF00232CF8 /* Common.h */,
			);
			path = Common;
			sourceTree = "<group>";
		};
		35CD636D2A7741E000232CF8 /* CommonTests */ = {
			isa = PBXGroup;
			children = (
				35CD636E2A7741E000232CF8 /* CommonTests.swift */,
			);
			path = CommonTests;
			sourceTree = "<group>";
		};
		35CD63792A77421000232CF8 /* Utils */ = {
			isa = PBXGroup;
			children = (
				35CD637A2A77421000232CF8 /* Constants.swift */,
				35CD637B2A77421000232CF8 /* Managers */,
				35CD637E2A77421000232CF8 /* Extensions */,
				35CD63822A77421000232CF8 /* Protocols.swift */,
				35CD63832A77421000232CF8 /* Fonts */,
				35D4D2B82A77500100D66299 /* ValidationUtil.swift */,
			);
			path = Utils;
			sourceTree = "<group>";
		};
		35CD637B2A77421000232CF8 /* Managers */ = {
			isa = PBXGroup;
			children = (
				35CD637C2A77421000232CF8 /* ImageManager.swift */,
				35CD637D2A77421000232CF8 /* ColorManager.swift */,
			);
			path = Managers;
			sourceTree = "<group>";
		};
		35CD637E2A77421000232CF8 /* Extensions */ = {
			isa = PBXGroup;
			children = (
				35CD637F2A77421000232CF8 /* UIButton+Extensions.swift */,
				35CD63802A77421000232CF8 /* UIView+Extensions.swift */,
				35CD63812A77421000232CF8 /* UIFont+Extensions.swift */,
				35D4D2BB2A7752B800D66299 /* String+Extensions.swift */,
				35D4D2C12A77540E00D66299 /* UITextField+Extensions.swift */,
			);
			path = Extensions;
			sourceTree = "<group>";
		};
		35CD63832A77421000232CF8 /* Fonts */ = {
			isa = PBXGroup;
			children = (
				35CD63842A77421000232CF8 /* Fonts.swift */,
			);
			path = Fonts;
			sourceTree = "<group>";
		};
		D1CE7B6AFDF5F044B80F48BE /* Pods */ = {
			isa = PBXGroup;
			children = (
				765186D67D48CFB98CE200BB /* Pods-Common.debug.xcconfig */,
				78741F9528AB7F8E953C8BF8 /* Pods-Common.release.xcconfig */,
			);
			name = Pods;
			path = ../Pods;
			sourceTree = "<group>";
		};
		EA6224551CE6858665D7A650 /* Frameworks */ = {
			isa = PBXGroup;
			children = (
				C38089F3DB92810A58DD3360 /* Pods_Common.framework */,
			);
			name = Frameworks;
			sourceTree = "<group>";
		};
/* End PBXGroup section */

/* Begin PBXHeadersBuildPhase section */
		35CD635C2A7741DF00232CF8 /* Headers */ = {
			isa = PBXHeadersBuildPhase;
			buildActionMask = 2147483647;
			files = (
				35CD63702A7741E000232CF8 /* Common.h in Headers */,
			);
			runOnlyForDeploymentPostprocessing = 0;
		};
/* End PBXHeadersBuildPhase section */

/* Begin PBXNativeTarget section */
		35CD63602A7741DF00232CF8 /* Common */ = {
			isa = PBXNativeTarget;
			buildConfigurationList = 35CD63732A7741E000232CF8 /* Build configuration list for PBXNativeTarget "Common" */;
			buildPhases = (
				F9B50059A28D4FB272861A0E /* [CP] Check Pods Manifest.lock */,
				35CD635C2A7741DF00232CF8 /* Headers */,
				35CD635D2A7741DF00232CF8 /* Sources */,
				35CD635E2A7741DF00232CF8 /* Frameworks */,
				35CD635F2A7741DF00232CF8 /* Resources */,
			);
			buildRules = (
			);
			dependencies = (
			);
			name = Common;
			productName = Common;
			productReference = 35CD63612A7741DF00232CF8 /* Common.framework */;
			productType = "com.apple.product-type.framework";
		};
		35CD63682A7741E000232CF8 /* CommonTests */ = {
			isa = PBXNativeTarget;
			buildConfigurationList = 35CD63762A7741E000232CF8 /* Build configuration list for PBXNativeTarget "CommonTests" */;
			buildPhases = (
				35CD63652A7741E000232CF8 /* Sources */,
				35CD63662A7741E000232CF8 /* Frameworks */,
				35CD63672A7741E000232CF8 /* Resources */,
			);
			buildRules = (
			);
			dependencies = (
				35CD636C2A7741E000232CF8 /* PBXTargetDependency */,
			);
			name = CommonTests;
			productName = CommonTests;
			productReference = 35CD63692A7741E000232CF8 /* CommonTests.xctest */;
			productType = "com.apple.product-type.bundle.unit-test";
		};
/* End PBXNativeTarget section */

/* Begin PBXProject section */
		35CD63582A7741DF00232CF8 /* Project object */ = {
			isa = PBXProject;
			attributes = {
				BuildIndependentTargetsInParallel = 1;
				LastSwiftUpdateCheck = 1430;
				LastUpgradeCheck = 1430;
				TargetAttributes = {
					35CD63602A7741DF00232CF8 = {
						CreatedOnToolsVersion = 14.3.1;
					};
					35CD63682A7741E000232CF8 = {
						CreatedOnToolsVersion = 14.3.1;
					};
				};
			};
			buildConfigurationList = 35CD635B2A7741DF00232CF8 /* Build configuration list for PBXProject "Common" */;
			compatibilityVersion = "Xcode 14.0";
			developmentRegion = en;
			hasScannedForEncodings = 0;
			knownRegions = (
				en,
				Base,
			);
			mainGroup = 35CD63572A7741DF00232CF8;
			productRefGroup = 35CD63622A7741DF00232CF8 /* Products */;
			projectDirPath = "";
			projectRoot = "";
			targets = (
				35CD63602A7741DF00232CF8 /* Common */,
				35CD63682A7741E000232CF8 /* CommonTests */,
			);
		};
/* End PBXProject section */

/* Begin PBXResourcesBuildPhase section */
		35CD635F2A7741DF00232CF8 /* Resources */ = {
			isa = PBXResourcesBuildPhase;
			buildActionMask = 2147483647;
			files = (
			);
			runOnlyForDeploymentPostprocessing = 0;
		};
		35CD63672A7741E000232CF8 /* Resources */ = {
			isa = PBXResourcesBuildPhase;
			buildActionMask = 2147483647;
			files = (
			);
			runOnlyForDeploymentPostprocessing = 0;
		};
/* End PBXResourcesBuildPhase section */

/* Begin PBXShellScriptBuildPhase section */
		F9B50059A28D4FB272861A0E /* [CP] Check Pods Manifest.lock */ = {
			isa = PBXShellScriptBuildPhase;
			buildActionMask = 2147483647;
			files = (
			);
			inputFileListPaths = (
			);
			inputPaths = (
				"${PODS_PODFILE_DIR_PATH}/Podfile.lock",
				"${PODS_ROOT}/Manifest.lock",
			);
			name = "[CP] Check Pods Manifest.lock";
			outputFileListPaths = (
			);
			outputPaths = (
				"$(DERIVED_FILE_DIR)/Pods-Common-checkManifestLockResult.txt",
			);
			runOnlyForDeploymentPostprocessing = 0;
			shellPath = /bin/sh;
			shellScript = "diff \"${PODS_PODFILE_DIR_PATH}/Podfile.lock\" \"${PODS_ROOT}/Manifest.lock\" > /dev/null\nif [ $? != 0 ] ; then\n    # print error to STDERR\n    echo \"error: The sandbox is not in sync with the Podfile.lock. Run 'pod install' or update your CocoaPods installation.\" >&2\n    exit 1\nfi\n# This output is used by Xcode 'outputs' to avoid re-running this script phase.\necho \"SUCCESS\" > \"${SCRIPT_OUTPUT_FILE_0}\"\n";
			showEnvVarsInLog = 0;
		};
/* End PBXShellScriptBuildPhase section */

/* Begin PBXSourcesBuildPhase section */
		35CD635D2A7741DF00232CF8 /* Sources */ = {
			isa = PBXSourcesBuildPhase;
			buildActionMask = 2147483647;
			files = (
				35D4D2C22A77540E00D66299 /* UITextField+Extensions.swift in Sources */,
				35D4D2BC2A7752B900D66299 /* String+Extensions.swift in Sources */,
				35CD63932A77421000232CF8 /* Fonts.swift in Sources */,
				35CD63892A77421000232CF8 /* ColorManager.swift in Sources */,
				35CD638B2A77421000232CF8 /* UIButton+Extensions.swift in Sources */,
				35CD63912A77421000232CF8 /* Protocols.swift in Sources */,
				35D4D2B92A77500100D66299 /* ValidationUtil.swift in Sources */,
				35CD638D2A77421000232CF8 /* UIView+Extensions.swift in Sources */,
				35CD63852A77421000232CF8 /* Constants.swift in Sources */,
				35CD638F2A77421000232CF8 /* UIFont+Extensions.swift in Sources */,
				35CD63872A77421000232CF8 /* ImageManager.swift in Sources */,
			);
			runOnlyForDeploymentPostprocessing = 0;
		};
		35CD63652A7741E000232CF8 /* Sources */ = {
			isa = PBXSourcesBuildPhase;
			buildActionMask = 2147483647;
			files = (
				35CD638E2A77421000232CF8 /* UIView+Extensions.swift in Sources */,
				35D4D2BD2A7752B900D66299 /* String+Extensions.swift in Sources */,
				35CD63882A77421000232CF8 /* ImageManager.swift in Sources */,
				35D4D2BA2A77500100D66299 /* ValidationUtil.swift in Sources */,
				35CD636F2A7741E000232CF8 /* CommonTests.swift in Sources */,
				35CD63862A77421000232CF8 /* Constants.swift in Sources */,
				35CD638C2A77421000232CF8 /* UIButton+Extensions.swift in Sources */,
				35CD638A2A77421000232CF8 /* ColorManager.swift in Sources */,
				35CD63902A77421000232CF8 /* UIFont+Extensions.swift in Sources */,
				35D4D2C32A77540E00D66299 /* UITextField+Extensions.swift in Sources */,
				35CD63942A77421000232CF8 /* Fonts.swift in Sources */,
				35CD63922A77421000232CF8 /* Protocols.swift in Sources */,
			);
			runOnlyForDeploymentPostprocessing = 0;
		};
/* End PBXSourcesBuildPhase section */

/* Begin PBXTargetDependency section */
		35CD636C2A7741E000232CF8 /* PBXTargetDependency */ = {
			isa = PBXTargetDependency;
			target = 35CD63602A7741DF00232CF8 /* Common */;
			targetProxy = 35CD636B2A7741E000232CF8 /* PBXContainerItemProxy */;
		};
/* End PBXTargetDependency section */

/* Begin XCBuildConfiguration section */
		35CD63712A7741E000232CF8 /* Debug */ = {
			isa = XCBuildConfiguration;
			buildSettings = {
				ALWAYS_SEARCH_USER_PATHS = NO;
				CLANG_ANALYZER_NONNULL = YES;
				CLANG_ANALYZER_NUMBER_OBJECT_CONVERSION = YES_AGGRESSIVE;
				CLANG_CXX_LANGUAGE_STANDARD = "gnu++20";
				CLANG_ENABLE_MODULES = YES;
				CLANG_ENABLE_OBJC_ARC = YES;
				CLANG_ENABLE_OBJC_WEAK = YES;
				CLANG_WARN_BLOCK_CAPTURE_AUTORELEASING = YES;
				CLANG_WARN_BOOL_CONVERSION = YES;
				CLANG_WARN_COMMA = YES;
				CLANG_WARN_CONSTANT_CONVERSION = YES;
				CLANG_WARN_DEPRECATED_OBJC_IMPLEMENTATIONS = YES;
				CLANG_WARN_DIRECT_OBJC_ISA_USAGE = YES_ERROR;
				CLANG_WARN_DOCUMENTATION_COMMENTS = YES;
				CLANG_WARN_EMPTY_BODY = YES;
				CLANG_WARN_ENUM_CONVERSION = YES;
				CLANG_WARN_INFINITE_RECURSION = YES;
				CLANG_WARN_INT_CONVERSION = YES;
				CLANG_WARN_NON_LITERAL_NULL_CONVERSION = YES;
				CLANG_WARN_OBJC_IMPLICIT_RETAIN_SELF = YES;
				CLANG_WARN_OBJC_LITERAL_CONVERSION = YES;
				CLANG_WARN_OBJC_ROOT_CLASS = YES_ERROR;
				CLANG_WARN_QUOTED_INCLUDE_IN_FRAMEWORK_HEADER = YES;
				CLANG_WARN_RANGE_LOOP_ANALYSIS = YES;
				CLANG_WARN_STRICT_PROTOTYPES = YES;
				CLANG_WARN_SUSPICIOUS_MOVE = YES;
				CLANG_WARN_UNGUARDED_AVAILABILITY = YES_AGGRESSIVE;
				CLANG_WARN_UNREACHABLE_CODE = YES;
				CLANG_WARN__DUPLICATE_METHOD_MATCH = YES;
				COPY_PHASE_STRIP = NO;
				CURRENT_PROJECT_VERSION = 1;
				DEBUG_INFORMATION_FORMAT = dwarf;
				ENABLE_STRICT_OBJC_MSGSEND = YES;
				ENABLE_TESTABILITY = YES;
				GCC_C_LANGUAGE_STANDARD = gnu11;
				GCC_DYNAMIC_NO_PIC = NO;
				GCC_NO_COMMON_BLOCKS = YES;
				GCC_OPTIMIZATION_LEVEL = 0;
				GCC_PREPROCESSOR_DEFINITIONS = (
					"DEBUG=1",
					"$(inherited)",
				);
				GCC_WARN_64_TO_32_BIT_CONVERSION = YES;
				GCC_WARN_ABOUT_RETURN_TYPE = YES_ERROR;
				GCC_WARN_UNDECLARED_SELECTOR = YES;
				GCC_WARN_UNINITIALIZED_AUTOS = YES_AGGRESSIVE;
				GCC_WARN_UNUSED_FUNCTION = YES;
				GCC_WARN_UNUSED_VARIABLE = YES;
				IPHONEOS_DEPLOYMENT_TARGET = 16.4;
				MTL_ENABLE_DEBUG_INFO = INCLUDE_SOURCE;
				MTL_FAST_MATH = YES;
				ONLY_ACTIVE_ARCH = YES;
				SDKROOT = iphoneos;
				SWIFT_ACTIVE_COMPILATION_CONDITIONS = DEBUG;
				SWIFT_OPTIMIZATION_LEVEL = "-Onone";
				VERSIONING_SYSTEM = "apple-generic";
				VERSION_INFO_PREFIX = "";
			};
			name = Debug;
		};
		35CD63722A7741E000232CF8 /* Release */ = {
			isa = XCBuildConfiguration;
			buildSettings = {
				ALWAYS_SEARCH_USER_PATHS = NO;
				CLANG_ANALYZER_NONNULL = YES;
				CLANG_ANALYZER_NUMBER_OBJECT_CONVERSION = YES_AGGRESSIVE;
				CLANG_CXX_LANGUAGE_STANDARD = "gnu++20";
				CLANG_ENABLE_MODULES = YES;
				CLANG_ENABLE_OBJC_ARC = YES;
				CLANG_ENABLE_OBJC_WEAK = YES;
				CLANG_WARN_BLOCK_CAPTURE_AUTORELEASING = YES;
				CLANG_WARN_BOOL_CONVERSION = YES;
				CLANG_WARN_COMMA = YES;
				CLANG_WARN_CONSTANT_CONVERSION = YES;
				CLANG_WARN_DEPRECATED_OBJC_IMPLEMENTATIONS = YES;
				CLANG_WARN_DIRECT_OBJC_ISA_USAGE = YES_ERROR;
				CLANG_WARN_DOCUMENTATION_COMMENTS = YES;
				CLANG_WARN_EMPTY_BODY = YES;
				CLANG_WARN_ENUM_CONVERSION = YES;
				CLANG_WARN_INFINITE_RECURSION = YES;
				CLANG_WARN_INT_CONVERSION = YES;
				CLANG_WARN_NON_LITERAL_NULL_CONVERSION = YES;
				CLANG_WARN_OBJC_IMPLICIT_RETAIN_SELF = YES;
				CLANG_WARN_OBJC_LITERAL_CONVERSION = YES;
				CLANG_WARN_OBJC_ROOT_CLASS = YES_ERROR;
				CLANG_WARN_QUOTED_INCLUDE_IN_FRAMEWORK_HEADER = YES;
				CLANG_WARN_RANGE_LOOP_ANALYSIS = YES;
				CLANG_WARN_STRICT_PROTOTYPES = YES;
				CLANG_WARN_SUSPICIOUS_MOVE = YES;
				CLANG_WARN_UNGUARDED_AVAILABILITY = YES_AGGRESSIVE;
				CLANG_WARN_UNREACHABLE_CODE = YES;
				CLANG_WARN__DUPLICATE_METHOD_MATCH = YES;
				COPY_PHASE_STRIP = NO;
				CURRENT_PROJECT_VERSION = 1;
				DEBUG_INFORMATION_FORMAT = "dwarf-with-dsym";
				ENABLE_NS_ASSERTIONS = NO;
				ENABLE_STRICT_OBJC_MSGSEND = YES;
				GCC_C_LANGUAGE_STANDARD = gnu11;
				GCC_NO_COMMON_BLOCKS = YES;
				GCC_WARN_64_TO_32_BIT_CONVERSION = YES;
				GCC_WARN_ABOUT_RETURN_TYPE = YES_ERROR;
				GCC_WARN_UNDECLARED_SELECTOR = YES;
				GCC_WARN_UNINITIALIZED_AUTOS = YES_AGGRESSIVE;
				GCC_WARN_UNUSED_FUNCTION = YES;
				GCC_WARN_UNUSED_VARIABLE = YES;
				IPHONEOS_DEPLOYMENT_TARGET = 16.4;
				MTL_ENABLE_DEBUG_INFO = NO;
				MTL_FAST_MATH = YES;
				SDKROOT = iphoneos;
				SWIFT_COMPILATION_MODE = wholemodule;
				SWIFT_OPTIMIZATION_LEVEL = "-O";
				VALIDATE_PRODUCT = YES;
				VERSIONING_SYSTEM = "apple-generic";
				VERSION_INFO_PREFIX = "";
			};
			name = Release;
		};
		35CD63742A7741E000232CF8 /* Debug */ = {
			isa = XCBuildConfiguration;
			baseConfigurationReference = 765186D67D48CFB98CE200BB /* Pods-Common.debug.xcconfig */;
			buildSettings = {
				CODE_SIGN_STYLE = Automatic;
				CURRENT_PROJECT_VERSION = 1;
				DEFINES_MODULE = YES;
				DYLIB_COMPATIBILITY_VERSION = 1;
				DYLIB_CURRENT_VERSION = 1;
				DYLIB_INSTALL_NAME_BASE = "@rpath";
				ENABLE_MODULE_VERIFIER = YES;
				GENERATE_INFOPLIST_FILE = YES;
				INFOPLIST_KEY_NSHumanReadableCopyright = "";
				INSTALL_PATH = "$(LOCAL_LIBRARY_DIR)/Frameworks";
				IPHONEOS_DEPLOYMENT_TARGET = 13.0;
				LD_RUNPATH_SEARCH_PATHS = (
					"$(inherited)",
					"@executable_path/Frameworks",
					"@loader_path/Frameworks",
				);
				MARKETING_VERSION = 1.0;
				MODULE_VERIFIER_SUPPORTED_LANGUAGES = "objective-c objective-c++";
				MODULE_VERIFIER_SUPPORTED_LANGUAGE_STANDARDS = "gnu11 gnu++20";
				PRODUCT_BUNDLE_IDENTIFIER = com.bmunoz.Common;
				PRODUCT_NAME = "$(TARGET_NAME:c99extidentifier)";
				SKIP_INSTALL = YES;
				SUPPORTED_PLATFORMS = "iphoneos iphonesimulator";
				SUPPORTS_MACCATALYST = NO;
				SUPPORTS_MAC_DESIGNED_FOR_IPHONE_IPAD = NO;
				SWIFT_EMIT_LOC_STRINGS = YES;
				SWIFT_VERSION = 5.0;
				TARGETED_DEVICE_FAMILY = 1;
			};
			name = Debug;
		};
		35CD63752A7741E000232CF8 /* Release */ = {
			isa = XCBuildConfiguration;
			baseConfigurationReference = 78741F9528AB7F8E953C8BF8 /* Pods-Common.release.xcconfig */;
			buildSettings = {
				CODE_SIGN_STYLE = Automatic;
				CURRENT_PROJECT_VERSION = 1;
				DEFINES_MODULE = YES;
				DYLIB_COMPATIBILITY_VERSION = 1;
				DYLIB_CURRENT_VERSION = 1;
				DYLIB_INSTALL_NAME_BASE = "@rpath";
				ENABLE_MODULE_VERIFIER = YES;
				GENERATE_INFOPLIST_FILE = YES;
				INFOPLIST_KEY_NSHumanReadableCopyright = "";
				INSTALL_PATH = "$(LOCAL_LIBRARY_DIR)/Frameworks";
				IPHONEOS_DEPLOYMENT_TARGET = 13.0;
				LD_RUNPATH_SEARCH_PATHS = (
					"$(inherited)",
					"@executable_path/Frameworks",
					"@loader_path/Frameworks",
				);
				MARKETING_VERSION = 1.0;
				MODULE_VERIFIER_SUPPORTED_LANGUAGES = "objective-c objective-c++";
				MODULE_VERIFIER_SUPPORTED_LANGUAGE_STANDARDS = "gnu11 gnu++20";
				PRODUCT_BUNDLE_IDENTIFIER = com.bmunoz.Common;
				PRODUCT_NAME = "$(TARGET_NAME:c99extidentifier)";
				SKIP_INSTALL = YES;
				SUPPORTED_PLATFORMS = "iphoneos iphonesimulator";
				SUPPORTS_MACCATALYST = NO;
				SUPPORTS_MAC_DESIGNED_FOR_IPHONE_IPAD = NO;
				SWIFT_EMIT_LOC_STRINGS = YES;
				SWIFT_VERSION = 5.0;
				TARGETED_DEVICE_FAMILY = 1;
			};
			name = Release;
		};
		35CD63772A7741E000232CF8 /* Debug */ = {
			isa = XCBuildConfiguration;
			buildSettings = {
				ALWAYS_EMBED_SWIFT_STANDARD_LIBRARIES = YES;
				CODE_SIGN_STYLE = Automatic;
				CURRENT_PROJECT_VERSION = 1;
				GENERATE_INFOPLIST_FILE = YES;
				MARKETING_VERSION = 1.0;
				PRODUCT_BUNDLE_IDENTIFIER = com.bmunoz.CommonTests;
				PRODUCT_NAME = "$(TARGET_NAME)";
				SUPPORTED_PLATFORMS = "iphoneos iphonesimulator";
				SUPPORTS_MACCATALYST = NO;
				SUPPORTS_MAC_DESIGNED_FOR_IPHONE_IPAD = NO;
				SWIFT_EMIT_LOC_STRINGS = NO;
				SWIFT_VERSION = 5.0;
				TARGETED_DEVICE_FAMILY = 1;
			};
			name = Debug;
		};
		35CD63782A7741E000232CF8 /* Release */ = {
			isa = XCBuildConfiguration;
			buildSettings = {
				ALWAYS_EMBED_SWIFT_STANDARD_LIBRARIES = YES;
				CODE_SIGN_STYLE = Automatic;
				CURRENT_PROJECT_VERSION = 1;
				GENERATE_INFOPLIST_FILE = YES;
				MARKETING_VERSION = 1.0;
				PRODUCT_BUNDLE_IDENTIFIER = com.bmunoz.CommonTests;
				PRODUCT_NAME = "$(TARGET_NAME)";
				SUPPORTED_PLATFORMS = "iphoneos iphonesimulator";
				SUPPORTS_MACCATALYST = NO;
				SUPPORTS_MAC_DESIGNED_FOR_IPHONE_IPAD = NO;
				SWIFT_EMIT_LOC_STRINGS = NO;
				SWIFT_VERSION = 5.0;
				TARGETED_DEVICE_FAMILY = 1;
			};
			name = Release;
		};
/* End XCBuildConfiguration section */

/* Begin XCConfigurationList section */
		35CD635B2A7741DF00232CF8 /* Build configuration list for PBXProject "Common" */ = {
			isa = XCConfigurationList;
			buildConfigurations = (
				35CD63712A7741E000232CF8 /* Debug */,
				35CD63722A7741E000232CF8 /* Release */,
			);
			defaultConfigurationIsVisible = 0;
			defaultConfigurationName = Release;
		};
		35CD63732A7741E000232CF8 /* Build configuration list for PBXNativeTarget "Common" */ = {
			isa = XCConfigurationList;
			buildConfigurations = (
				35CD63742A7741E000232CF8 /* Debug */,
				35CD63752A7741E000232CF8 /* Release */,
			);
			defaultConfigurationIsVisible = 0;
			defaultConfigurationName = Release;
		};
		35CD63762A7741E000232CF8 /* Build configuration list for PBXNativeTarget "CommonTests" */ = {
			isa = XCConfigurationList;
			buildConfigurations = (
				35CD63772A7741E000232CF8 /* Debug */,
				35CD63782A7741E000232CF8 /* Release */,
			);
			defaultConfigurationIsVisible = 0;
			defaultConfigurationName = Release;
		};
/* End XCConfigurationList section */
	};
	rootObject = 35CD63582A7741DF00232CF8 /* Project object */;
}
